
Microsoft Visual Studio Solution File, Format Version 12.00
# Visual Studio Version 16
VisualStudioVersion = 16.0.32228.343
MinimumVisualStudioVersion = 10.0.40219.1
Project("{FAE04EC0-301F-11D3-BF4B-00C04F79EFBC}") = "VeterinariaFinal", "VeterinariaFinal.csproj", "{C66122FD-A4FF-4F26-B9BE-1C837D5AB08A}"
EndProject
Global
	GlobalSection(SolutionConfigurationPlatforms) = preSolution
		Debug|Any CPU = Debug|Any CPU
		Release|Any CPU = Release|Any CPU
	EndGlobalSection
	GlobalSection(ProjectConfigurationPlatforms) = postSolution
		{C66122FD-A4FF-4F26-B9BE-1C837D5AB08A}.Debug|Any CPU.ActiveCfg = Debug|Any CPU
		{C66122FD-A4FF-4F26-B9BE-1C837D5AB08A}.Debug|Any CPU.Build.0 = Debug|Any CPU
		{C66122FD-A4FF-4F26-B9BE-1C837D5AB08A}.Release|Any CPU.ActiveCfg = Release|Any CPU
		{C66122FD-A4FF-4F26-B9BE-1C837D5AB08A}.Release|Any CPU.Build.0 = Release|Any CPU
	EndGlobalSection
	GlobalSection(SolutionProperties) = preSolution
		HideSolutionNode = FALSE
	EndGlobalSection
	GlobalSection(ExtensibilityGlobals) = postSolution
		SolutionGuid = {FAA07852-11F3-49E7-8B81-DE2B0E6A140F}
	EndGlobalSection
EndGlobal
